
Microsoft Visual Studio Solution File, Format Version 12.00
# Visual Studio 15
VisualStudioVersion = 15.0.28307.572
MinimumVisualStudioVersion = 10.0.40219.1
Project("{FAE04EC0-301F-11D3-BF4B-00C04F79EFBC}") = "TestingControllers", "TestingControllers\TestingControllers.csproj", "{FBFB69E3-073D-47FD-89D6-EF23B49C252D}"
EndProject
Global
	GlobalSection(SolutionConfigurationPlatforms) = preSolution
		Debug|Any CPU = Debug|Any CPU
		Release|Any CPU = Release|Any CPU
	EndGlobalSection
	GlobalSection(ProjectConfigurationPlatforms) = postSolution
		{FBFB69E3-073D-47FD-89D6-EF23B49C252D}.Debug|Any CPU.ActiveCfg = Debug|Any CPU
		{FBFB69E3-073D-47FD-89D6-EF23B49C252D}.Debug|Any CPU.Build.0 = Debug|Any CPU
		{FBFB69E3-073D-47FD-89D6-EF23B49C252D}.Release|Any CPU.ActiveCfg = Release|Any CPU
		{FBFB69E3-073D-47FD-89D6-EF23B49C252D}.Release|Any CPU.Build.0 = Release|Any CPU
	EndGlobalSection
	GlobalSection(SolutionProperties) = preSolution
		HideSolutionNode = FALSE
	EndGlobalSection
	GlobalSection(ExtensibilityGlobals) = postSolution
		SolutionGuid = {025F0EFC-F614-432E-8AA5-848CF3DEB840}
	EndGlobalSection
EndGlobal
